
Microsoft Visual Studio Solution File, Format Version 12.00
# Visual Studio 14
VisualStudioVersion = 14.0.25420.1
MinimumVisualStudioVersion = 10.0.40219.1
Project("{FAE04EC0-301F-11D3-BF4B-00C04F79EFBC}") = "SessionViewer", "SessionViewer\SessionViewer (DesktopGL).csproj", "{CE1A621E-FB54-413B-B8EF-3026B7E9DD60}"
EndProject
Project("{FAE04EC0-301F-11D3-BF4B-00C04F79EFBC}") = "CommonCode", "..\CommonCode\CommonCode.csproj", "{2A484AD8-F3ED-4526-BC46-B4249F8AF18A}"
EndProject
Global
	GlobalSection(SolutionConfigurationPlatforms) = preSolution
		Debug|Any CPU = Debug|Any CPU
		Release|Any CPU = Release|Any CPU
	EndGlobalSection
	GlobalSection(ProjectConfigurationPlatforms) = postSolution
		{CE1A621E-FB54-413B-B8EF-3026B7E9DD60}.Debug|Any CPU.ActiveCfg = Debug|Any CPU
		{CE1A621E-FB54-413B-B8EF-3026B7E9DD60}.Debug|Any CPU.Build.0 = Debug|Any CPU
		{CE1A621E-FB54-413B-B8EF-3026B7E9DD60}.Release|Any CPU.ActiveCfg = Release|Any CPU
		{CE1A621E-FB54-413B-B8EF-3026B7E9DD60}.Release|Any CPU.Build.0 = Release|Any CPU
		{2A484AD8-F3ED-4526-BC46-B4249F8AF18A}.Debug|Any CPU.ActiveCfg = Debug|Any CPU
		{2A484AD8-F3ED-4526-BC46-B4249F8AF18A}.Debug|Any CPU.Build.0 = Debug|Any CPU
		{2A484AD8-F3ED-4526-BC46-B4249F8AF18A}.Release|Any CPU.ActiveCfg = Release|Any CPU
		{2A484AD8-F3ED-4526-BC46-B4249F8AF18A}.Release|Any CPU.Build.0 = Release|Any CPU
	EndGlobalSection
	GlobalSection(SolutionProperties) = preSolution
		HideSolutionNode = FALSE
	EndGlobalSection
EndGlobal
